# This file is automatically @generated by Cargo.
# It is not intended for manual editing.
version = 4

[[package]]
name = "t1-bridge"
version = "0.0.0"
dependencies = [
 "t1-platform",
]

[[package]]
name = "t1-daemons"
version = "0.0.0"
dependencies = [
 "t1-bridge",
 "t1-platform",
]

[[package]]
name = "t1-import"
version = "0.0.0"
dependencies = [
 "t1-bridge",
 "t1-daemons",
 "t1-platform",
]

[[package]]
name = "t1-platform"
version = "0.0.0"

[[package]]
name = "t1-touchbar"
version = "0.0.0"
dependencies = [
 "t1-platform",
 "t1-touchbar-hw",
]

[[package]]
name = "t1-touchbar-hw"
version = "0.0.0"
dependencies = [
 "t1-platform",
]
